Microsoft Visual Studio Solution File, Format Version 8.00
Project("{8BC9CEB8-8B4A-11D0-8D11-00A0C91BC942}") = "GeiVC", "GeiVC.vcproj", "{C07DB171-44E9-4808-884F-0EFF25AEC77D}"
	ProjectSection(ProjectDependencies) = postProject
	EndProjectSection
EndProject
Global
	GlobalSection(SolutionConfiguration) = preSolution
		Debug = Debug
		Release = Release
	EndGlobalSection
	GlobalSection(ProjectConfiguration) = postSolution
		{C07DB171-44E9-4808-884F-0EFF25AEC77D}.Debug.ActiveCfg = Debug|Win32
		{C07DB171-44E9-4808-884F-0EFF25AEC77D}.Debug.Build.0 = Debug|Win32
		{C07DB171-44E9-4808-884F-0EFF25AEC77D}.Release.ActiveCfg = Release|Win32
		{C07DB171-44E9-4808-884F-0EFF25AEC77D}.Release.Build.0 = Release|Win32
	EndGlobalSection
	GlobalSection(ExtensibilityGlobals) = postSolution
	EndGlobalSection
	GlobalSection(ExtensibilityAddIns) = postSolution
	EndGlobalSection
EndGlobal
